
Microsoft Visual Studio Solution File, Format Version 12.00
# Visual Studio Version 17
VisualStudioVersion = 17.4.33403.182
MinimumVisualStudioVersion = 10.0.40219.1
Project("{FAE04EC0-301F-11D3-BF4B-00C04F79EFBC}") = "VulkanDemo", "VulkanDemo.csproj", "{1BBD7016-F587-4238-B3A4-A18AFF1BF8F4}"
EndProject
Global
	GlobalSection(SolutionConfigurationPlatforms) = preSolution
		Debug|Any CPU = Debug|Any CPU
		Debug|x64 = Debug|x64
		Release|Any CPU = Release|Any CPU
		Release|x64 = Release|x64
	EndGlobalSection
	GlobalSection(ProjectConfigurationPlatforms) = postSolution
		{1BBD7016-F587-4238-B3A4-A18AFF1BF8F4}.Debug|Any CPU.ActiveCfg = Debug|x64
		{1BBD7016-F587-4238-B3A4-A18AFF1BF8F4}.Debug|Any CPU.Build.0 = Debug|x64
		{1BBD7016-F587-4238-B3A4-A18AFF1BF8F4}.Debug|x64.ActiveCfg = Debug|x64
		{1BBD7016-F587-4238-B3A4-A18AFF1BF8F4}.Debug|x64.Build.0 = Debug|x64
		{1BBD7016-F587-4238-B3A4-A18AFF1BF8F4}.Release|Any CPU.ActiveCfg = Release|Any CPU
		{1BBD7016-F587-4238-B3A4-A18AFF1BF8F4}.Release|Any CPU.Build.0 = Release|Any CPU
		{1BBD7016-F587-4238-B3A4-A18AFF1BF8F4}.Release|x64.ActiveCfg = Release|x64
		{1BBD7016-F587-4238-B3A4-A18AFF1BF8F4}.Release|x64.Build.0 = Release|x64
	EndGlobalSection
	GlobalSection(SolutionProperties) = preSolution
		HideSolutionNode = FALSE
	EndGlobalSection
	GlobalSection(ExtensibilityGlobals) = postSolution
		SolutionGuid = {2DE7927C-8169-4B96-948E-86F5E750C7E4}
	EndGlobalSection
EndGlobal
